<?xml version="1.0" encoding="utf-8"?>
<Project ToolsVersion="4.0" xmlns="http://schemas.microsoft.com/developer/msbuild/2003">
  <ItemGroup>
    <Filter Include="소스 파일">
      <UniqueIdentifier>{4FC737F1-C7A5-4376-A066-2A32D752A2FF}</UniqueIdentifier>
      <Extensions>cpp;c;cc;cxx;c++;def;odl;idl;hpj;bat;asm;asmx</Extensions>
    </Filter>
    <Filter Include="헤더 파일">
      <UniqueIdentifier>{93995380-89BD-4b04-88EB-625FBE52EBFB}</UniqueIdentifier>
      <Extensions>h;hh;hpp;hxx;h++;hm;inl;inc;ipp;xsd</Extensions>
    </Filter>
    <Filter Include="리소스 파일">
      <UniqueIdentifier>{67DA6AB6-F800-4c08-8B7A-83BB121AAD01}</UniqueIdentifier>
      <Extensions>rc;ico;cur;bmp;dlg;rc2;rct;bin;rgs;gif;jpg;jpeg;jpe;resx;tiff;tif;png;wav;mfcribbon-ms</Extensions>
    </Filter>
  </ItemGroup>
  <ItemGroup>
    <ClCompile Include="stdioEx.cpp">
      <Filter>소스 파일</Filter>
    </ClCompile>
    <ClCompile Include="constEx.cpp">
      <Filter>소스 파일</Filter>
    </ClCompile>
    <ClCompile Include="ioEx.cpp">
      <Filter>소스 파일</Filter>
    </ClCompile>
    <ClCompile Include="exceptionEx.cpp">
      <Filter>소스 파일</Filter>
    </ClCompile>
    <ClCompile Include="main.cpp">
      <Filter>소스 파일</Filter>
    </ClCompile>
    <ClCompile Include="structEx.cpp">
      <Filter>소스 파일</Filter>
    </ClCompile>
    <ClCompile Include="pointerEx.cpp">
      <Filter>소스 파일</Filter>
    </ClCompile>
    <ClCompile Include="functionEx.cpp">
      <Filter>소스 파일</Filter>
    </ClCompile>
    <ClCompile Include="varEx.cpp">
      <Filter>소스 파일</Filter>
    </ClCompile>
    <ClCompile Include="castEx.cpp">
      <Filter>소스 파일</Filter>
    </ClCompile>
    <ClCompile Include="inputWhileEx.cpp">
      <Filter>소스 파일</Filter>
    </ClCompile>
    <ClCompile Include="ifCaseEx.cpp">
      <Filter>소스 파일</Filter>
    </ClCompile>
    <ClCompile Include="forWhileEx.cpp">
      <Filter>소스 파일</Filter>
    </ClCompile>
    <ClCompile Include="threadEx.cpp">
      <Filter>소스 파일</Filter>
    </ClCompile>
    <ClCompile Include="calculationEx.cpp">
      <Filter>소스 파일</Filter>
    </ClCompile>
    <ClCompile Include="classEx.cpp">
      <Filter>소스 파일</Filter>
    </ClCompile>
    <ClCompile Include="guidEx.cpp">
      <Filter>소스 파일</Filter>
    </ClCompile>
  </ItemGroup>
  <ItemGroup>
    <ClInclude Include="stdioEx.h">
      <Filter>헤더 파일</Filter>
    </ClInclude>
    <ClInclude Include="constEx.h">
      <Filter>헤더 파일</Filter>
    </ClInclude>
    <ClInclude Include="ioEx.h">
      <Filter>헤더 파일</Filter>
    </ClInclude>
    <ClInclude Include="exceptionEx.h">
      <Filter>헤더 파일</Filter>
    </ClInclude>
    <ClInclude Include="structEx.h">
      <Filter>헤더 파일</Filter>
    </ClInclude>
    <ClInclude Include="pointerEx.h">
      <Filter>헤더 파일</Filter>
    </ClInclude>
    <ClInclude Include="namespaceEx.h">
      <Filter>헤더 파일</Filter>
    </ClInclude>
    <ClInclude Include="functionEx.h">
      <Filter>헤더 파일</Filter>
    </ClInclude>
    <ClInclude Include="varEx.h">
      <Filter>헤더 파일</Filter>
    </ClInclude>
    <ClInclude Include="castEx.h">
      <Filter>헤더 파일</Filter>
    </ClInclude>
    <ClInclude Include="inputWhileEx.h">
      <Filter>헤더 파일</Filter>
    </ClInclude>
    <ClInclude Include="ifCaseEx.h">
      <Filter>헤더 파일</Filter>
    </ClInclude>
    <ClInclude Include="forWhileEx.h">
      <Filter>헤더 파일</Filter>
    </ClInclude>
    <ClInclude Include="threadEx.h">
      <Filter>헤더 파일</Filter>
    </ClInclude>
    <ClInclude Include="calculationEx.h">
      <Filter>헤더 파일</Filter>
    </ClInclude>
    <ClInclude Include="classEx.h">
      <Filter>헤더 파일</Filter>
    </ClInclude>
    <ClInclude Include="guidEx.h">
      <Filter>헤더 파일</Filter>
    </ClInclude>
  </ItemGroup>
</Project>